
Microsoft Visual Studio Solution File, Format Version 12.00
# Visual Studio Version 17
VisualStudioVersion = 17.9.34622.214
MinimumVisualStudioVersion = 10.0.40219.1
Project("{8BC9CEB8-8B4A-11D0-8D11-00A0C91BC942}") = "Program", "Program.vcxproj", "{CA3E6F61-EFE5-4D28-AE52-B29D8461B4FB}"
EndProject
Project("{8BC9CEB8-8B4A-11D0-8D11-00A0C91BC942}") = "class1th(printf)", "..\class1th(printf)\class1th(printf).vcxproj", "{14B0E800-38B8-4D84-85FE-67F3443E070D}"
EndProject
Project("{8BC9CEB8-8B4A-11D0-8D11-00A0C91BC942}") = "Class2th (Variable & Constant)", "..\Class2th (Variable & Contant)\Class2th (Variable & Contant).vcxproj", "{B4B9EBCB-CB4D-4990-8F8E-F56B65D59241}"
EndProject
Project("{8BC9CEB8-8B4A-11D0-8D11-00A0C91BC942}") = "Class3th (Bit)", "..\Class3th (Bit)\Class3th (Bit).vcxproj", "{CC530FB2-64CE-4EDA-A4B4-EE8ACF772CE2}"
EndProject
Global
	GlobalSection(SolutionConfigurationPlatforms) = preSolution
		Debug|x64 = Debug|x64
		Debug|x86 = Debug|x86
		Release|x64 = Release|x64
		Release|x86 = Release|x86
	EndGlobalSection
	GlobalSection(ProjectConfigurationPlatforms) = postSolution
		{CA3E6F61-EFE5-4D28-AE52-B29D8461B4FB}.Debug|x64.ActiveCfg = Debug|x64
		{CA3E6F61-EFE5-4D28-AE52-B29D8461B4FB}.Debug|x64.Build.0 = Debug|x64
		{CA3E6F61-EFE5-4D28-AE52-B29D8461B4FB}.Debug|x86.ActiveCfg = Debug|Win32
		{CA3E6F61-EFE5-4D28-AE52-B29D8461B4FB}.Debug|x86.Build.0 = Debug|Win32
		{CA3E6F61-EFE5-4D28-AE52-B29D8461B4FB}.Release|x64.ActiveCfg = Release|x64
		{CA3E6F61-EFE5-4D28-AE52-B29D8461B4FB}.Release|x64.Build.0 = Release|x64
		{CA3E6F61-EFE5-4D28-AE52-B29D8461B4FB}.Release|x86.ActiveCfg = Release|Win32
		{CA3E6F61-EFE5-4D28-AE52-B29D8461B4FB}.Release|x86.Build.0 = Release|Win32
		{14B0E800-38B8-4D84-85FE-67F3443E070D}.Debug|x64.ActiveCfg = Debug|x64
		{14B0E800-38B8-4D84-85FE-67F3443E070D}.Debug|x64.Build.0 = Debug|x64
		{14B0E800-38B8-4D84-85FE-67F3443E070D}.Debug|x86.ActiveCfg = Debug|Win32
		{14B0E800-38B8-4D84-85FE-67F3443E070D}.Debug|x86.Build.0 = Debug|Win32
		{14B0E800-38B8-4D84-85FE-67F3443E070D}.Release|x64.ActiveCfg = Release|x64
		{14B0E800-38B8-4D84-85FE-67F3443E070D}.Release|x64.Build.0 = Release|x64
		{14B0E800-38B8-4D84-85FE-67F3443E070D}.Release|x86.ActiveCfg = Release|Win32
		{14B0E800-38B8-4D84-85FE-67F3443E070D}.Release|x86.Build.0 = Release|Win32
		{B4B9EBCB-CB4D-4990-8F8E-F56B65D59241}.Debug|x64.ActiveCfg = Debug|x64
		{B4B9EBCB-CB4D-4990-8F8E-F56B65D59241}.Debug|x64.Build.0 = Debug|x64
		{B4B9EBCB-CB4D-4990-8F8E-F56B65D59241}.Debug|x86.ActiveCfg = Debug|Win32
		{B4B9EBCB-CB4D-4990-8F8E-F56B65D59241}.Debug|x86.Build.0 = Debug|Win32
		{B4B9EBCB-CB4D-4990-8F8E-F56B65D59241}.Release|x64.ActiveCfg = Release|x64
		{B4B9EBCB-CB4D-4990-8F8E-F56B65D59241}.Release|x64.Build.0 = Release|x64
		{B4B9EBCB-CB4D-4990-8F8E-F56B65D59241}.Release|x86.ActiveCfg = Release|Win32
		{B4B9EBCB-CB4D-4990-8F8E-F56B65D59241}.Release|x86.Build.0 = Release|Win32
		{CC530FB2-64CE-4EDA-A4B4-EE8ACF772CE2}.Debug|x64.ActiveCfg = Debug|x64
		{CC530FB2-64CE-4EDA-A4B4-EE8ACF772CE2}.Debug|x64.Build.0 = Debug|x64
		{CC530FB2-64CE-4EDA-A4B4-EE8ACF772CE2}.Debug|x86.ActiveCfg = Debug|Win32
		{CC530FB2-64CE-4EDA-A4B4-EE8ACF772CE2}.Debug|x86.Build.0 = Debug|Win32
		{CC530FB2-64CE-4EDA-A4B4-EE8ACF772CE2}.Release|x64.ActiveCfg = Release|x64
		{CC530FB2-64CE-4EDA-A4B4-EE8ACF772CE2}.Release|x64.Build.0 = Release|x64
		{CC530FB2-64CE-4EDA-A4B4-EE8ACF772CE2}.Release|x86.ActiveCfg = Release|Win32
		{CC530FB2-64CE-4EDA-A4B4-EE8ACF772CE2}.Release|x86.Build.0 = Release|Win32
	EndGlobalSection
	GlobalSection(SolutionProperties) = preSolution
		HideSolutionNode = FALSE
	EndGlobalSection
	GlobalSection(ExtensibilityGlobals) = postSolution
		SolutionGuid = {3253DA87-8A7A-4286-8CA7-C1EE5A1B54D6}
	EndGlobalSection
EndGlobal
